// !$*UTF8*$!
{
	archiveVersion = 1;
	classes = {
	};
	objectVersion = 52;
	objects = {

/* Begin PBXBuildFile section */
		64035AC825EC4018005B2AB7 /* SportsCollectionViewController.swift in Sources */ = {isa = PBXBuildFile; fileRef = 64035AC725EC4018005B2AB7 /* SportsCollectionViewController.swift */; };
		64035ACE25EC40D9005B2AB7 /* Alamofire in Frameworks */ = {isa = PBXBuildFile; productRef = 64035ACD25EC40D9005B2AB7 /* Alamofire */; };
		64035AD325EC4670005B2AB7 /* Sport.swift in Sources */ = {isa = PBXBuildFile; fileRef = 64035AD225EC4670005B2AB7 /* Sport.swift */; };
		6408AC5C25F32FA5007A70E5 /* Event.swift in Sources */ = {isa = PBXBuildFile; fileRef = 6408AC5B25F32FA5007A70E5 /* Event.swift */; };
		6453120F25F57C0E004AA6FA /* NetworkMonitor.swift in Sources */ = {isa = PBXBuildFile; fileRef = 6453120E25F57C0E004AA6FA /* NetworkMonitor.swift */; };
		645A87BC25EC64C80079A272 /* SwiftyJSON in Frameworks */ = {isa = PBXBuildFile; productRef = 645A87BB25EC64C80079A272 /* SwiftyJSON */; };
		645A87C225EC7B440079A272 /* SDWebImage in Frameworks */ = {isa = PBXBuildFile; productRef = 645A87C125EC7B440079A272 /* SDWebImage */; };
		645A87C425EC7B440079A272 /* SDWebImageMapKit in Frameworks */ = {isa = PBXBuildFile; productRef = 645A87C325EC7B440079A272 /* SDWebImageMapKit */; };
		646B2F0A25EC38C200458A02 /* AppDelegate.swift in Sources */ = {isa = PBXBuildFile; fileRef = 646B2F0925EC38C200458A02 /* AppDelegate.swift */; };
		646B2F0C25EC38C200458A02 /* SceneDelegate.swift in Sources */ = {isa = PBXBuildFile; fileRef = 646B2F0B25EC38C200458A02 /* SceneDelegate.swift */; };
		646B2F0E25EC38C200458A02 /* ViewController.swift in Sources */ = {isa = PBXBuildFile; fileRef = 646B2F0D25EC38C200458A02 /* ViewController.swift */; };
		646B2F1125EC38C200458A02 /* Main.storyboard in Resources */ = {isa = PBXBuildFile; fileRef = 646B2F0F25EC38C200458A02 /* Main.storyboard */; };
		646B2F1425EC38C200458A02 /* Sports.xcdatamodeld in Sources */ = {isa = PBXBuildFile; fileRef = 646B2F1225EC38C200458A02 /* Sports.xcdatamodeld */; };
		646B2F1625EC38C400458A02 /* Assets.xcassets in Resources */ = {isa = PBXBuildFile; fileRef = 646B2F1525EC38C400458A02 /* Assets.xcassets */; };
		646B2F1925EC38C400458A02 /* LaunchScreen.storyboard in Resources */ = {isa = PBXBuildFile; fileRef = 646B2F1725EC38C400458A02 /* LaunchScreen.storyboard */; };
		646B2F2425EC38C400458A02 /* SportsTests.swift in Sources */ = {isa = PBXBuildFile; fileRef = 646B2F2325EC38C400458A02 /* SportsTests.swift */; };
		646B2F2F25EC38C400458A02 /* SportsUITests.swift in Sources */ = {isa = PBXBuildFile; fileRef = 646B2F2E25EC38C400458A02 /* SportsUITests.swift */; };
		64789AAE25F043090082C512 /* LeaguesTableViewCell.swift in Sources */ = {isa = PBXBuildFile; fileRef = 64789AAC25F043080082C512 /* LeaguesTableViewCell.swift */; };
		64789AAF25F043090082C512 /* LeaguesTableViewCell.xib in Resources */ = {isa = PBXBuildFile; fileRef = 64789AAD25F043080082C512 /* LeaguesTableViewCell.xib */; };
		6480B88225F3E7E50062FDBF /* LastestResultsView.swift in Sources */ = {isa = PBXBuildFile; fileRef = 6480B88125F3E7E50062FDBF /* LastestResultsView.swift */; };
		6480B88F25F3EA6B0062FDBF /* LastestResult.swift in Sources */ = {isa = PBXBuildFile; fileRef = 6480B88E25F3EA6B0062FDBF /* LastestResult.swift */; };
		6480B89725F402880062FDBF /* Team.swift in Sources */ = {isa = PBXBuildFile; fileRef = 6480B89625F402880062FDBF /* Team.swift */; };
		6480B89F25F405780062FDBF /* TeamsView.swift in Sources */ = {isa = PBXBuildFile; fileRef = 6480B89E25F405780062FDBF /* TeamsView.swift */; };
		6480B8AA25F43F780062FDBF /* TeamsDetailsViewController.swift in Sources */ = {isa = PBXBuildFile; fileRef = 6480B8A925F43F780062FDBF /* TeamsDetailsViewController.swift */; };
		6480B8AF25F483800062FDBF /* FavoriteLeaguesTableViewController.swift in Sources */ = {isa = PBXBuildFile; fileRef = 6480B8AE25F483800062FDBF /* FavoriteLeaguesTableViewController.swift */; };
		6480B8B425F4913F0062FDBF /* FetchLeague.swift in Sources */ = {isa = PBXBuildFile; fileRef = 6480B8B325F4913F0062FDBF /* FetchLeague.swift */; };
		6494532025EDAA4E004762D4 /* League.swift in Sources */ = {isa = PBXBuildFile; fileRef = 6494531F25EDAA4E004762D4 /* League.swift */; };
		6494532825EDAC8F004762D4 /* LeaguesTableViewController.swift in Sources */ = {isa = PBXBuildFile; fileRef = 6494532725EDAC8F004762D4 /* LeaguesTableViewController.swift */; };
		8E18DF9F25F3166F00F9586E /* UpComingEventsView.swift in Sources */ = {isa = PBXBuildFile; fileRef = 8E18DF9E25F3166F00F9586E /* UpComingEventsView.swift */; };
		8E18DFA425F3175300F9586E /* LeaguesDetailsViewController.swift in Sources */ = {isa = PBXBuildFile; fileRef = 8E18DFA325F3175300F9586E /* LeaguesDetailsViewController.swift */; };
/* End PBXBuildFile section */

/* Begin PBXContainerItemProxy section */
		646B2F2025EC38C400458A02 /* PBXContainerItemProxy */ = {
			isa = PBXContainerItemProxy;
			containerPortal = 646B2EFE25EC38C100458A02 /* Project object */;
			proxyType = 1;
			remoteGlobalIDString = 646B2F0525EC38C200458A02;
			remoteInfo = Sports;
		};
		646B2F2B25EC38C400458A02 /* PBXContainerItemProxy */ = {
			isa = PBXContainerItemProxy;
			containerPortal = 646B2EFE25EC38C100458A02 /* Project object */;
			proxyType = 1;
			remoteGlobalIDString = 646B2F0525EC38C200458A02;
			remoteInfo = Sports;
		};
/* End PBXContainerItemProxy section */

/* Begin PBXFileReference section */
		64035AC725EC4018005B2AB7 /* SportsCollectionViewController.swift */ = {isa = PBXFileReference; lastKnownFileType = sourcecode.swift; path = SportsCollectionViewController.swift; sourceTree = "<group>"; };
		64035AD225EC4670005B2AB7 /* Sport.swift */ = {isa = PBXFileReference; lastKnownFileType = sourcecode.swift; path = Sport.swift; sourceTree = "<group>"; };
		6408AC5B25F32FA5007A70E5 /* Event.swift */ = {isa = PBXFileReference; lastKnownFileType = sourcecode.swift; path = Event.swift; sourceTree = "<group>"; };
		6453120E25F57C0E004AA6FA /* NetworkMonitor.swift */ = {isa = PBXFileReference; lastKnownFileType = sourcecode.swift; path = NetworkMonitor.swift; sourceTree = "<group>"; };
		646B2F0625EC38C200458A02 /* Sports.app */ = {isa = PBXFileReference; explicitFileType = wrapper.application; includeInIndex = 0; path = Sports.app; sourceTree = BUILT_PRODUCTS_DIR; };
		646B2F0925EC38C200458A02 /* AppDelegate.swift */ = {isa = PBXFileReference; lastKnownFileType = sourcecode.swift; path = AppDelegate.swift; sourceTree = "<group>"; };
		646B2F0B25EC38C200458A02 /* SceneDelegate.swift */ = {isa = PBXFileReference; lastKnownFileType = sourcecode.swift; path = SceneDelegate.swift; sourceTree = "<group>"; };
		646B2F0D25EC38C200458A02 /* ViewController.swift */ = {isa = PBXFileReference; lastKnownFileType = sourcecode.swift; path = ViewController.swift; sourceTree = "<group>"; };
		646B2F1025EC38C200458A02 /* Base */ = {isa = PBXFileReference; lastKnownFileType = file.storyboard; name = Base; path = Base.lproj/Main.storyboard; sourceTree = "<group>"; };
		646B2F1325EC38C200458A02 /* Sports.xcdatamodel */ = {isa = PBXFileReference; lastKnownFileType = wrapper.xcdatamodel; path = Sports.xcdatamodel; sourceTree = "<group>"; };
		646B2F1525EC38C400458A02 /* Assets.xcassets */ = {isa = PBXFileReference; lastKnownFileType = folder.assetcatalog; path = Assets.xcassets; sourceTree = "<group>"; };
		646B2F1825EC38C400458A02 /* Base */ = {isa = PBXFileReference; lastKnownFileType = file.storyboard; name = Base; path = Base.lproj/LaunchScreen.storyboard; sourceTree = "<group>"; };
		646B2F1A25EC38C400458A02 /* Info.plist */ = {isa = PBXFileReference; lastKnownFileType = text.plist.xml; path = Info.plist; sourceTree = "<group>"; };
		646B2F1F25EC38C400458A02 /* SportsTests.xctest */ = {isa = PBXFileReference; explicitFileType = wrapper.cfbundle; includeInIndex = 0; path = SportsTests.xctest; sourceTree = BUILT_PRODUCTS_DIR; };
		646B2F2325EC38C400458A02 /* SportsTests.swift */ = {isa = PBXFileReference; lastKnownFileType = sourcecode.swift; path = SportsTests.swift; sourceTree = "<group>"; };
		646B2F2525EC38C400458A02 /* Info.plist */ = {isa = PBXFileReference; lastKnownFileType = text.plist.xml; path = Info.plist; sourceTree = "<group>"; };
		646B2F2A25EC38C400458A02 /* SportsUITests.xctest */ = {isa = PBXFileReference; explicitFileType = wrapper.cfbundle; includeInIndex = 0; path = SportsUITests.xctest; sourceTree = BUILT_PRODUCTS_DIR; };
		646B2F2E25EC38C400458A02 /* SportsUITests.swift */ = {isa = PBXFileReference; lastKnownFileType = sourcecode.swift; path = SportsUITests.swift; sourceTree = "<group>"; };
		646B2F3025EC38C400458A02 /* Info.plist */ = {isa = PBXFileReference; lastKnownFileType = text.plist.xml; path = Info.plist; sourceTree = "<group>"; };
		64789AAC25F043080082C512 /* LeaguesTableViewCell.swift */ = {isa = PBXFileReference; lastKnownFileType = sourcecode.swift; path = LeaguesTableViewCell.swift; sourceTree = "<group>"; };
		64789AAD25F043080082C512 /* LeaguesTableViewCell.xib */ = {isa = PBXFileReference; lastKnownFileType = file.xib; path = LeaguesTableViewCell.xib; sourceTree = "<group>"; };
		6480B88125F3E7E50062FDBF /* LastestResultsView.swift */ = {isa = PBXFileReference; lastKnownFileType = sourcecode.swift; path = LastestResultsView.swift; sourceTree = "<group>"; };
		6480B88E25F3EA6B0062FDBF /* LastestResult.swift */ = {isa = PBXFileReference; lastKnownFileType = sourcecode.swift; path = LastestResult.swift; sourceTree = "<group>"; };
		6480B89625F402880062FDBF /* Team.swift */ = {isa = PBXFileReference; lastKnownFileType = sourcecode.swift; path = Team.swift; sourceTree = "<group>"; };
		6480B89E25F405780062FDBF /* TeamsView.swift */ = {isa = PBXFileReference; lastKnownFileType = sourcecode.swift; path = TeamsView.swift; sourceTree = "<group>"; };
		6480B8A925F43F780062FDBF /* TeamsDetailsViewController.swift */ = {isa = PBXFileReference; lastKnownFileType = sourcecode.swift; path = TeamsDetailsViewController.swift; sourceTree = "<group>"; };
		6480B8AE25F483800062FDBF /* FavoriteLeaguesTableViewController.swift */ = {isa = PBXFileReference; lastKnownFileType = sourcecode.swift; path = FavoriteLeaguesTableViewController.swift; sourceTree = "<group>"; };
		6480B8B325F4913F0062FDBF /* FetchLeague.swift */ = {isa = PBXFileReference; lastKnownFileType = sourcecode.swift; path = FetchLeague.swift; sourceTree = "<group>"; };
		6494531F25EDAA4E004762D4 /* League.swift */ = {isa = PBXFileReference; lastKnownFileType = sourcecode.swift; path = League.swift; sourceTree = "<group>"; };
		6494532725EDAC8F004762D4 /* LeaguesTableViewController.swift */ = {isa = PBXFileReference; lastKnownFileType = sourcecode.swift; path = LeaguesTableViewController.swift; sourceTree = "<group>"; };
		8E18DF9E25F3166F00F9586E /* UpComingEventsView.swift */ = {isa = PBXFileReference; lastKnownFileType = sourcecode.swift; path = UpComingEventsView.swift; sourceTree = "<group>"; };
		8E18DFA325F3175300F9586E /* LeaguesDetailsViewController.swift */ = {isa = PBXFileReference; lastKnownFileType = sourcecode.swift; path = LeaguesDetailsViewController.swift; sourceTree = "<group>"; };
/* End PBXFileReference section */

/* Begin PBXFrameworksBuildPhase section */
		646B2F0325EC38C200458A02 /* Frameworks */ = {
			isa = PBXFrameworksBuildPhase;
			buildActionMask = 2147483647;
			files = (
				645A87C225EC7B440079A272 /* SDWebImage in Frameworks */,
				645A87BC25EC64C80079A272 /* SwiftyJSON in Frameworks */,
				645A87C425EC7B440079A272 /* SDWebImageMapKit in Frameworks */,
				64035ACE25EC40D9005B2AB7 /* Alamofire in Frameworks */,
			);
			runOnlyForDeploymentPostprocessing = 0;
		};
		646B2F1C25EC38C400458A02 /* Frameworks */ = {
			isa = PBXFrameworksBuildPhase;
			buildActionMask = 2147483647;
			files = (
			);
			runOnlyForDeploymentPostprocessing = 0;
		};
		646B2F2725EC38C400458A02 /* Frameworks */ = {
			isa = PBXFrameworksBuildPhase;
			buildActionMask = 2147483647;
			files = (
			);
			runOnlyForDeploymentPostprocessing = 0;
		};
/* End PBXFrameworksBuildPhase section */

/* Begin PBXGroup section */
		646B2EFD25EC38C100458A02 = {
			isa = PBXGroup;
			children = (
				646B2F0825EC38C200458A02 /* Sports */,
				646B2F2225EC38C400458A02 /* SportsTests */,
				646B2F2D25EC38C400458A02 /* SportsUITests */,
				646B2F0725EC38C200458A02 /* Products */,
			);
			sourceTree = "<group>";
		};
		646B2F0725EC38C200458A02 /* Products */ = {
			isa = PBXGroup;
			children = (
				646B2F0625EC38C200458A02 /* Sports.app */,
				646B2F1F25EC38C400458A02 /* SportsTests.xctest */,
				646B2F2A25EC38C400458A02 /* SportsUITests.xctest */,
			);
			name = Products;
			sourceTree = "<group>";
		};
		646B2F0825EC38C200458A02 /* Sports */ = {
			isa = PBXGroup;
			children = (
				646B2F0925EC38C200458A02 /* AppDelegate.swift */,
				646B2F0B25EC38C200458A02 /* SceneDelegate.swift */,
				646B2F0D25EC38C200458A02 /* ViewController.swift */,
				646B2F0F25EC38C200458A02 /* Main.storyboard */,
				646B2F1525EC38C400458A02 /* Assets.xcassets */,
				646B2F1725EC38C400458A02 /* LaunchScreen.storyboard */,
				646B2F1A25EC38C400458A02 /* Info.plist */,
				646B2F1225EC38C200458A02 /* Sports.xcdatamodeld */,
				64035AC725EC4018005B2AB7 /* SportsCollectionViewController.swift */,
				6494532725EDAC8F004762D4 /* LeaguesTableViewController.swift */,
				64035AD225EC4670005B2AB7 /* Sport.swift */,
				6494531F25EDAA4E004762D4 /* League.swift */,
				64789AAC25F043080082C512 /* LeaguesTableViewCell.swift */,
				64789AAD25F043080082C512 /* LeaguesTableViewCell.xib */,
				8E18DFA325F3175300F9586E /* LeaguesDetailsViewController.swift */,
				6408AC5B25F32FA5007A70E5 /* Event.swift */,
				6480B88E25F3EA6B0062FDBF /* LastestResult.swift */,
				6480B89625F402880062FDBF /* Team.swift */,
				8E18DF9E25F3166F00F9586E /* UpComingEventsView.swift */,
				6480B88125F3E7E50062FDBF /* LastestResultsView.swift */,
				6480B89E25F405780062FDBF /* TeamsView.swift */,
				6480B8A925F43F780062FDBF /* TeamsDetailsViewController.swift */,
				6480B8AE25F483800062FDBF /* FavoriteLeaguesTableViewController.swift */,
				6480B8B325F4913F0062FDBF /* FetchLeague.swift */,
				6453120E25F57C0E004AA6FA /* NetworkMonitor.swift */,
			);
			path = Sports;
			sourceTree = "<group>";
		};
		646B2F2225EC38C400458A02 /* SportsTests */ = {
			isa = PBXGroup;
			children = (
				646B2F2325EC38C400458A02 /* SportsTests.swift */,
				646B2F2525EC38C400458A02 /* Info.plist */,
			);
			path = SportsTests;
			sourceTree = "<group>";
		};
		646B2F2D25EC38C400458A02 /* SportsUITests */ = {
			isa = PBXGroup;
			children = (
				646B2F2E25EC38C400458A02 /* SportsUITests.swift */,
				646B2F3025EC38C400458A02 /* Info.plist */,
			);
			path = SportsUITests;
			sourceTree = "<group>";
		};
/* End PBXGroup section */

/* Begin PBXNativeTarget section */
		646B2F0525EC38C200458A02 /* Sports */ = {
			isa = PBXNativeTarget;
			buildConfigurationList = 646B2F3325EC38C500458A02 /* Build configuration list for PBXNativeTarget "Sports" */;
			buildPhases = (
				646B2F0225EC38C200458A02 /* Sources */,
				646B2F0325EC38C200458A02 /* Frameworks */,
				646B2F0425EC38C200458A02 /* Resources */,
			);
			buildRules = (
			);
			dependencies = (
			);
			name = Sports;
			packageProductDependencies = (
				64035ACD25EC40D9005B2AB7 /* Alamofire */,
				645A87BB25EC64C80079A272 /* SwiftyJSON */,
				645A87C125EC7B440079A272 /* SDWebImage */,
				645A87C325EC7B440079A272 /* SDWebImageMapKit */,
			);
			productName = Sports;
			productReference = 646B2F0625EC38C200458A02 /* Sports.app */;
			productType = "com.apple.product-type.application";
		};
		646B2F1E25EC38C400458A02 /* SportsTests */ = {
			isa = PBXNativeTarget;
			buildConfigurationList = 646B2F3625EC38C500458A02 /* Build configuration list for PBXNativeTarget "SportsTests" */;
			buildPhases = (
				646B2F1B25EC38C400458A02 /* Sources */,
				646B2F1C25EC38C400458A02 /* Frameworks */,
				646B2F1D25EC38C400458A02 /* Resources */,
			);
			buildRules = (
			);
			dependencies = (
				646B2F2125EC38C400458A02 /* PBXTargetDependency */,
			);
			name = SportsTests;
			productName = SportsTests;
			productReference = 646B2F1F25EC38C400458A02 /* SportsTests.xctest */;
			productType = "com.apple.product-type.bundle.unit-test";
		};
		646B2F2925EC38C400458A02 /* SportsUITests */ = {
			isa = PBXNativeTarget;
			buildConfigurationList = 646B2F3925EC38C500458A02 /* Build configuration list for PBXNativeTarget "SportsUITests" */;
			buildPhases = (
				646B2F2625EC38C400458A02 /* Sources */,
				646B2F2725EC38C400458A02 /* Frameworks */,
				646B2F2825EC38C400458A02 /* Resources */,
			);
			buildRules = (
			);
			dependencies = (
				646B2F2C25EC38C400458A02 /* PBXTargetDependency */,
			);
			name = SportsUITests;
			productName = SportsUITests;
			productReference = 646B2F2A25EC38C400458A02 /* SportsUITests.xctest */;
			productType = "com.apple.product-type.bundle.ui-testing";
		};
/* End PBXNativeTarget section */

/* Begin PBXProject section */
		646B2EFE25EC38C100458A02 /* Project object */ = {
			isa = PBXProject;
			attributes = {
				LastSwiftUpdateCheck = 1240;
				LastUpgradeCheck = 1240;
				TargetAttributes = {
					646B2F0525EC38C200458A02 = {
						CreatedOnToolsVersion = 12.4;
					};
					646B2F1E25EC38C400458A02 = {
						CreatedOnToolsVersion = 12.4;
						TestTargetID = 646B2F0525EC38C200458A02;
					};
					646B2F2925EC38C400458A02 = {
						CreatedOnToolsVersion = 12.4;
						TestTargetID = 646B2F0525EC38C200458A02;
					};
				};
			};
			buildConfigurationList = 646B2F0125EC38C100458A02 /* Build configuration list for PBXProject "Sports" */;
			compatibilityVersion = "Xcode 9.3";
			developmentRegion = en;
			hasScannedForEncodings = 0;
			knownRegions = (
				en,
				Base,
			);
			mainGroup = 646B2EFD25EC38C100458A02;
			packageReferences = (
				64035ACC25EC40D9005B2AB7 /* XCRemoteSwiftPackageReference "Alamofire" */,
				645A87BA25EC64C80079A272 /* XCRemoteSwiftPackageReference "SwiftyJSON" */,
				645A87C025EC7B440079A272 /* XCRemoteSwiftPackageReference "SDWebImage" */,
			);
			productRefGroup = 646B2F0725EC38C200458A02 /* Products */;
			projectDirPath = "";
			projectRoot = "";
			targets = (
				646B2F0525EC38C200458A02 /* Sports */,
				646B2F1E25EC38C400458A02 /* SportsTests */,
				646B2F2925EC38C400458A02 /* SportsUITests */,
			);
		};
/* End PBXProject section */

/* Begin PBXResourcesBuildPhase section */
		646B2F0425EC38C200458A02 /* Resources */ = {
			isa = PBXResourcesBuildPhase;
			buildActionMask = 2147483647;
			files = (
				646B2F1925EC38C400458A02 /* LaunchScreen.storyboard in Resources */,
				64789AAF25F043090082C512 /* LeaguesTableViewCell.xib in Resources */,
				646B2F1625EC38C400458A02 /* Assets.xcassets in Resources */,
				646B2F1125EC38C200458A02 /* Main.storyboard in Resources */,
			);
			runOnlyForDeploymentPostprocessing = 0;
		};
		646B2F1D25EC38C400458A02 /* Resources */ = {
			isa = PBXResourcesBuildPhase;
			buildActionMask = 2147483647;
			files = (
			);
			runOnlyForDeploymentPostprocessing = 0;
		};
		646B2F2825EC38C400458A02 /* Resources */ = {
			isa = PBXResourcesBuildPhase;
			buildActionMask = 2147483647;
			files = (
			);
			runOnlyForDeploymentPostprocessing = 0;
		};
/* End PBXResourcesBuildPhase section */

/* Begin PBXSourcesBuildPhase section */
		646B2F0225EC38C200458A02 /* Sources */ = {
			isa = PBXSourcesBuildPhase;
			buildActionMask = 2147483647;
			files = (
				6480B8AA25F43F780062FDBF /* TeamsDetailsViewController.swift in Sources */,
				6408AC5C25F32FA5007A70E5 /* Event.swift in Sources */,
				6480B88F25F3EA6B0062FDBF /* LastestResult.swift in Sources */,
				6494532825EDAC8F004762D4 /* LeaguesTableViewController.swift in Sources */,
				6480B89725F402880062FDBF /* Team.swift in Sources */,
				6480B88225F3E7E50062FDBF /* LastestResultsView.swift in Sources */,
				646B2F0E25EC38C200458A02 /* ViewController.swift in Sources */,
				6494532025EDAA4E004762D4 /* League.swift in Sources */,
				6480B8AF25F483800062FDBF /* FavoriteLeaguesTableViewController.swift in Sources */,
				646B2F0A25EC38C200458A02 /* AppDelegate.swift in Sources */,
				646B2F1425EC38C200458A02 /* Sports.xcdatamodeld in Sources */,
				8E18DF9F25F3166F00F9586E /* UpComingEventsView.swift in Sources */,
				646B2F0C25EC38C200458A02 /* SceneDelegate.swift in Sources */,
				64035AD325EC4670005B2AB7 /* Sport.swift in Sources */,
				64789AAE25F043090082C512 /* LeaguesTableViewCell.swift in Sources */,
				64035AC825EC4018005B2AB7 /* SportsCollectionViewController.swift in Sources */,
				6480B8B425F4913F0062FDBF /* FetchLeague.swift in Sources */,
				6453120F25F57C0E004AA6FA /* NetworkMonitor.swift in Sources */,
				8E18DFA425F3175300F9586E /* LeaguesDetailsViewController.swift in Sources */,
				6480B89F25F405780062FDBF /* TeamsView.swift in Sources */,
			);
			runOnlyForDeploymentPostprocessing = 0;
		};
		646B2F1B25EC38C400458A02 /* Sources */ = {
			isa = PBXSourcesBuildPhase;
			buildActionMask = 2147483647;
			files = (
				646B2F2425EC38C400458A02 /* SportsTests.swift in Sources */,
			);
			runOnlyForDeploymentPostprocessing = 0;
		};
		646B2F2625EC38C400458A02 /* Sources */ = {
			isa = PBXSourcesBuildPhase;
			buildActionMask = 2147483647;
			files = (
				646B2F2F25EC38C400458A02 /* SportsUITests.swift in Sources */,
			);
			runOnlyForDeploymentPostprocessing = 0;
		};
/* End PBXSourcesBuildPhase section */

/* Begin PBXTargetDependency section */
		646B2F2125EC38C400458A02 /* PBXTargetDependency */ = {
			isa = PBXTargetDependency;
			target = 646B2F0525EC38C200458A02 /* Sports */;
			targetProxy = 646B2F2025EC38C400458A02 /* PBXContainerItemProxy */;
		};
		646B2F2C25EC38C400458A02 /* PBXTargetDependency */ = {
			isa = PBXTargetDependency;
			target = 646B2F0525EC38C200458A02 /* Sports */;
			targetProxy = 646B2F2B25EC38C400458A02 /* PBXContainerItemProxy */;
		};
/* End PBXTargetDependency section */

/* Begin PBXVariantGroup section */
		646B2F0F25EC38C200458A02 /* Main.storyboard */ = {
			isa = PBXVariantGroup;
			children = (
				646B2F1025EC38C200458A02 /* Base */,
			);
			name = Main.storyboard;
			sourceTree = "<group>";
		};
		646B2F1725EC38C400458A02 /* LaunchScreen.storyboard */ = {
			isa = PBXVariantGroup;
			children = (
				646B2F1825EC38C400458A02 /* Base */,
			);
			name = LaunchScreen.storyboard;
			sourceTree = "<group>";
		};
/* End PBXVariantGroup section */

/* Begin XCBuildConfiguration section */
		646B2F3125EC38C500458A02 /* Debug */ = {
			isa = XCBuildConfiguration;
			buildSettings = {
				ALWAYS_SEARCH_USER_PATHS = NO;
				CLANG_ANALYZER_NONNULL = YES;
				CLANG_ANALYZER_NUMBER_OBJECT_CONVERSION = YES_AGGRESSIVE;
				CLANG_CXX_LANGUAGE_STANDARD = "gnu++14";
				CLANG_CXX_LIBRARY = "libc++";
				CLANG_ENABLE_MODULES = YES;
				CLANG_ENABLE_OBJC_ARC = YES;
				CLANG_ENABLE_OBJC_WEAK = YES;
				CLANG_WARN_BLOCK_CAPTURE_AUTORELEASING = YES;
				CLANG_WARN_BOOL_CONVERSION = YES;
				CLANG_WARN_COMMA = YES;
				CLANG_WARN_CONSTANT_CONVERSION = YES;
				CLANG_WARN_DEPRECATED_OBJC_IMPLEMENTATIONS = YES;
				CLANG_WARN_DIRECT_OBJC_ISA_USAGE = YES_ERROR;
				CLANG_WARN_DOCUMENTATION_COMMENTS = YES;
				CLANG_WARN_EMPTY_BODY = YES;
				CLANG_WARN_ENUM_CONVERSION = YES;
				CLANG_WARN_INFINITE_RECURSION = YES;
				CLANG_WARN_INT_CONVERSION = YES;
				CLANG_WARN_NON_LITERAL_NULL_CONVERSION = YES;
				CLANG_WARN_OBJC_IMPLICIT_RETAIN_SELF = YES;
				CLANG_WARN_OBJC_LITERAL_CONVERSION = YES;
				CLANG_WARN_OBJC_ROOT_CLASS = YES_ERROR;
				CLANG_WARN_QUOTED_INCLUDE_IN_FRAMEWORK_HEADER = YES;
				CLANG_WARN_RANGE_LOOP_ANALYSIS = YES;
				CLANG_WARN_STRICT_PROTOTYPES = YES;
				CLANG_WARN_SUSPICIOUS_MOVE = YES;
				CLANG_WARN_UNGUARDED_AVAILABILITY = YES_AGGRESSIVE;
				CLANG_WARN_UNREACHABLE_CODE = YES;
				CLANG_WARN__DUPLICATE_METHOD_MATCH = YES;
				COPY_PHASE_STRIP = NO;
				DEBUG_INFORMATION_FORMAT = dwarf;
				ENABLE_STRICT_OBJC_MSGSEND = YES;
				ENABLE_TESTABILITY = YES;
				GCC_C_LANGUAGE_STANDARD = gnu11;
				GCC_DYNAMIC_NO_PIC = NO;
				GCC_NO_COMMON_BLOCKS = YES;
				GCC_OPTIMIZATION_LEVEL = 0;
				GCC_PREPROCESSOR_DEFINITIONS = (
					"DEBUG=1",
					"$(inherited)",
				);
				GCC_WARN_64_TO_32_BIT_CONVERSION = YES;
				GCC_WARN_ABOUT_RETURN_TYPE = YES_ERROR;
				GCC_WARN_UNDECLARED_SELECTOR = YES;
				GCC_WARN_UNINITIALIZED_AUTOS = YES_AGGRESSIVE;
				GCC_WARN_UNUSED_FUNCTION = YES;
				GCC_WARN_UNUSED_VARIABLE = YES;
				IPHONEOS_DEPLOYMENT_TARGET = 14.4;
				MTL_ENABLE_DEBUG_INFO = INCLUDE_SOURCE;
				MTL_FAST_MATH = YES;
				ONLY_ACTIVE_ARCH = YES;
				SDKROOT = iphoneos;
				SWIFT_ACTIVE_COMPILATION_CONDITIONS = DEBUG;
				SWIFT_OPTIMIZATION_LEVEL = "-Onone";
			};
			name = Debug;
		};
		646B2F3225EC38C500458A02 /* Release */ = {
			isa = XCBuildConfiguration;
			buildSettings = {
				ALWAYS_SEARCH_USER_PATHS = NO;
				CLANG_ANALYZER_NONNULL = YES;
				CLANG_ANALYZER_NUMBER_OBJECT_CONVERSION = YES_AGGRESSIVE;
				CLANG_CXX_LANGUAGE_STANDARD = "gnu++14";
				CLANG_CXX_LIBRARY = "libc++";
				CLANG_ENABLE_MODULES = YES;
				CLANG_ENABLE_OBJC_ARC = YES;
				CLANG_ENABLE_OBJC_WEAK = YES;
				CLANG_WARN_BLOCK_CAPTURE_AUTORELEASING = YES;
				CLANG_WARN_BOOL_CONVERSION = YES;
				CLANG_WARN_COMMA = YES;
				CLANG_WARN_CONSTANT_CONVERSION = YES;
				CLANG_WARN_DEPRECATED_OBJC_IMPLEMENTATIONS = YES;
				CLANG_WARN_DIRECT_OBJC_ISA_USAGE = YES_ERROR;
				CLANG_WARN_DOCUMENTATION_COMMENTS = YES;
				CLANG_WARN_EMPTY_BODY = YES;
				CLANG_WARN_ENUM_CONVERSION = YES;
				CLANG_WARN_INFINITE_RECURSION = YES;
				CLANG_WARN_INT_CONVERSION = YES;
				CLANG_WARN_NON_LITERAL_NULL_CONVERSION = YES;
				CLANG_WARN_OBJC_IMPLICIT_RETAIN_SELF = YES;
				CLANG_WARN_OBJC_LITERAL_CONVERSION = YES;
				CLANG_WARN_OBJC_ROOT_CLASS = YES_ERROR;
				CLANG_WARN_QUOTED_INCLUDE_IN_FRAMEWORK_HEADER = YES;
				CLANG_WARN_RANGE_LOOP_ANALYSIS = YES;
				CLANG_WARN_STRICT_PROTOTYPES = YES;
				CLANG_WARN_SUSPICIOUS_MOVE = YES;
				CLANG_WARN_UNGUARDED_AVAILABILITY = YES_AGGRESSIVE;
				CLANG_WARN_UNREACHABLE_CODE = YES;
				CLANG_WARN__DUPLICATE_METHOD_MATCH = YES;
				COPY_PHASE_STRIP = NO;
				DEBUG_INFORMATION_FORMAT = "dwarf-with-dsym";
				ENABLE_NS_ASSERTIONS = NO;
				ENABLE_STRICT_OBJC_MSGSEND = YES;
				GCC_C_LANGUAGE_STANDARD = gnu11;
				GCC_NO_COMMON_BLOCKS = YES;
				GCC_WARN_64_TO_32_BIT_CONVERSION = YES;
				GCC_WARN_ABOUT_RETURN_TYPE = YES_ERROR;
				GCC_WARN_UNDECLARED_SELECTOR = YES;
				GCC_WARN_UNINITIALIZED_AUTOS = YES_AGGRESSIVE;
				GCC_WARN_UNUSED_FUNCTION = YES;
				GCC_WARN_UNUSED_VARIABLE = YES;
				IPHONEOS_DEPLOYMENT_TARGET = 14.4;
				MTL_ENABLE_DEBUG_INFO = NO;
				MTL_FAST_MATH = YES;
				SDKROOT = iphoneos;
				SWIFT_COMPILATION_MODE = wholemodule;
				SWIFT_OPTIMIZATION_LEVEL = "-O";
				VALIDATE_PRODUCT = YES;
			};
			name = Release;
		};
		646B2F3425EC38C500458A02 /* Debug */ = {
			isa = XCBuildConfiguration;
			buildSettings = {
				ASSETCATALOG_COMPILER_APPICON_NAME = AppIcon;
				ASSETCATALOG_COMPILER_GLOBAL_ACCENT_COLOR_NAME = AccentColor;
				CODE_SIGN_STYLE = Automatic;
				DEVELOPMENT_TEAM = 24755D9SHK;
				INFOPLIST_FILE = Sports/Info.plist;
				LD_RUNPATH_SEARCH_PATHS = (
					"$(inherited)",
					"@executable_path/Frameworks",
				);
				PRODUCT_BUNDLE_IDENTIFIER = ITI.Sports;
				PRODUCT_NAME = "$(TARGET_NAME)";
				SWIFT_VERSION = 5.0;
				TARGETED_DEVICE_FAMILY = "1,2";
			};
			name = Debug;
		};
		646B2F3525EC38C500458A02 /* Release */ = {
			isa = XCBuildConfiguration;
			buildSettings = {
				ASSETCATALOG_COMPILER_APPICON_NAME = AppIcon;
				ASSETCATALOG_COMPILER_GLOBAL_ACCENT_COLOR_NAME = AccentColor;
				CODE_SIGN_STYLE = Automatic;
				DEVELOPMENT_TEAM = 24755D9SHK;
				INFOPLIST_FILE = Sports/Info.plist;
				LD_RUNPATH_SEARCH_PATHS = (
					"$(inherited)",
					"@executable_path/Frameworks",
				);
				PRODUCT_BUNDLE_IDENTIFIER = ITI.Sports;
				PRODUCT_NAME = "$(TARGET_NAME)";
				SWIFT_VERSION = 5.0;
				TARGETED_DEVICE_FAMILY = "1,2";
			};
			name = Release;
		};
		646B2F3725EC38C500458A02 /* Debug */ = {
			isa = XCBuildConfiguration;
			buildSettings = {
				ALWAYS_EMBED_SWIFT_STANDARD_LIBRARIES = YES;
				BUNDLE_LOADER = "$(TEST_HOST)";
				CODE_SIGN_STYLE = Automatic;
				DEVELOPMENT_TEAM = 24755D9SHK;
				INFOPLIST_FILE = SportsTests/Info.plist;
				IPHONEOS_DEPLOYMENT_TARGET = 14.4;
				LD_RUNPATH_SEARCH_PATHS = (
					"$(inherited)",
					"@executable_path/Frameworks",
					"@loader_path/Frameworks",
				);
				PRODUCT_BUNDLE_IDENTIFIER = ITI.SportsTests;
				PRODUCT_NAME = "$(TARGET_NAME)";
				SWIFT_VERSION = 5.0;
				TARGETED_DEVICE_FAMILY = "1,2";
				TEST_HOST = "$(BUILT_PRODUCTS_DIR)/Sports.app/Sports";
			};
			name = Debug;
		};
		646B2F3825EC38C500458A02 /* Release */ = {
			isa = XCBuildConfiguration;
			buildSettings = {
				ALWAYS_EMBED_SWIFT_STANDARD_LIBRARIES = YES;
				BUNDLE_LOADER = "$(TEST_HOST)";
				CODE_SIGN_STYLE = Automatic;
				DEVELOPMENT_TEAM = 24755D9SHK;
				INFOPLIST_FILE = SportsTests/Info.plist;
				IPHONEOS_DEPLOYMENT_TARGET = 14.4;
				LD_RUNPATH_SEARCH_PATHS = (
					"$(inherited)",
					"@executable_path/Frameworks",
					"@loader_path/Frameworks",
				);
				PRODUCT_BUNDLE_IDENTIFIER = ITI.SportsTests;
				PRODUCT_NAME = "$(TARGET_NAME)";
				SWIFT_VERSION = 5.0;
				TARGETED_DEVICE_FAMILY = "1,2";
				TEST_HOST = "$(BUILT_PRODUCTS_DIR)/Sports.app/Sports";
			};
			name = Release;
		};
		646B2F3A25EC38C500458A02 /* Debug */ = {
			isa = XCBuildConfiguration;
			buildSettings = {
				ALWAYS_EMBED_SWIFT_STANDARD_LIBRARIES = YES;
				CODE_SIGN_STYLE = Automatic;
				DEVELOPMENT_TEAM = 24755D9SHK;
				INFOPLIST_FILE = SportsUITests/Info.plist;
				LD_RUNPATH_SEARCH_PATHS = (
					"$(inherited)",
					"@executable_path/Frameworks",
					"@loader_path/Frameworks",
				);
				PRODUCT_BUNDLE_IDENTIFIER = ITI.SportsUITests;
				PRODUCT_NAME = "$(TARGET_NAME)";
				SWIFT_VERSION = 5.0;
				TARGETED_DEVICE_FAMILY = "1,2";
				TEST_TARGET_NAME = Sports;
			};
			name = Debug;
		};
		646B2F3B25EC38C500458A02 /* Release */ = {
			isa = XCBuildConfiguration;
			buildSettings = {
				ALWAYS_EMBED_SWIFT_STANDARD_LIBRARIES = YES;
				CODE_SIGN_STYLE = Automatic;
				DEVELOPMENT_TEAM = 24755D9SHK;
				INFOPLIST_FILE = SportsUITests/Info.plist;
				LD_RUNPATH_SEARCH_PATHS = (
					"$(inherited)",
					"@executable_path/Frameworks",
					"@loader_path/Frameworks",
				);
				PRODUCT_BUNDLE_IDENTIFIER = ITI.SportsUITests;
				PRODUCT_NAME = "$(TARGET_NAME)";
				SWIFT_VERSION = 5.0;
				TARGETED_DEVICE_FAMILY = "1,2";
				TEST_TARGET_NAME = Sports;
			};
			name = Release;
		};
/* End XCBuildConfiguration section */

/* Begin XCConfigurationList section */
		646B2F0125EC38C100458A02 /* Build configuration list for PBXProject "Sports" */ = {
			isa = XCConfigurationList;
			buildConfigurations = (
				646B2F3125EC38C500458A02 /* Debug */,
				646B2F3225EC38C500458A02 /* Release */,
			);
			defaultConfigurationIsVisible = 0;
			defaultConfigurationName = Release;
		};
		646B2F3325EC38C500458A02 /* Build configuration list for PBXNativeTarget "Sports" */ = {
			isa = XCConfigurationList;
			buildConfigurations = (
				646B2F3425EC38C500458A02 /* Debug */,
				646B2F3525EC38C500458A02 /* Release */,
			);
			defaultConfigurationIsVisible = 0;
			defaultConfigurationName = Release;
		};
		646B2F3625EC38C500458A02 /* Build configuration list for PBXNativeTarget "SportsTests" */ = {
			isa = XCConfigurationList;
			buildConfigurations = (
				646B2F3725EC38C500458A02 /* Debug */,
				646B2F3825EC38C500458A02 /* Release */,
			);
			defaultConfigurationIsVisible = 0;
			defaultConfigurationName = Release;
		};
		646B2F3925EC38C500458A02 /* Build configuration list for PBXNativeTarget "SportsUITests" */ = {
			isa = XCConfigurationList;
			buildConfigurations = (
				646B2F3A25EC38C500458A02 /* Debug */,
				646B2F3B25EC38C500458A02 /* Release */,
			);
			defaultConfigurationIsVisible = 0;
			defaultConfigurationName = Release;
		};
/* End XCConfigurationList section */

/* Begin XCRemoteSwiftPackageReference section */
		64035ACC25EC40D9005B2AB7 /* XCRemoteSwiftPackageReference "Alamofire" */ = {
			isa = XCRemoteSwiftPackageReference;
			repositoryURL = "https://github.com/Alamofire/Alamofire.git";
			requirement = {
				kind = upToNextMajorVersion;
				minimumVersion = 5.4.1;
			};
		};
		645A87BA25EC64C80079A272 /* XCRemoteSwiftPackageReference "SwiftyJSON" */ = {
			isa = XCRemoteSwiftPackageReference;
			repositoryURL = "https://github.com/SwiftyJSON/SwiftyJSON.git";
			requirement = {
				kind = upToNextMajorVersion;
				minimumVersion = 5.0.0;
			};
		};
		645A87C025EC7B440079A272 /* XCRemoteSwiftPackageReference "SDWebImage" */ = {
			isa = XCRemoteSwiftPackageReference;
			repositoryURL = "https://github.com/SDWebImage/SDWebImage.git";
			requirement = {
				kind = upToNextMajorVersion;
				minimumVersion = 5.10.4;
			};
		};
/* End XCRemoteSwiftPackageReference section */

/* Begin XCSwiftPackageProductDependency section */
		64035ACD25EC40D9005B2AB7 /* Alamofire */ = {
			isa = XCSwiftPackageProductDependency;
			package = 64035ACC25EC40D9005B2AB7 /* XCRemoteSwiftPackageReference "Alamofire" */;
			productName = Alamofire;
		};
		645A87BB25EC64C80079A272 /* SwiftyJSON */ = {
			isa = XCSwiftPackageProductDependency;
			package = 645A87BA25EC64C80079A272 /* XCRemoteSwiftPackageReference "SwiftyJSON" */;
			productName = SwiftyJSON;
		};
		645A87C125EC7B440079A272 /* SDWebImage */ = {
			isa = XCSwiftPackageProductDependency;
			package = 645A87C025EC7B440079A272 /* XCRemoteSwiftPackageReference "SDWebImage" */;
			productName = SDWebImage;
		};
		645A87C325EC7B440079A272 /* SDWebImageMapKit */ = {
			isa = XCSwiftPackageProductDependency;
			package = 645A87C025EC7B440079A272 /* XCRemoteSwiftPackageReference "SDWebImage" */;
			productName = SDWebImageMapKit;
		};
/* End XCSwiftPackageProductDependency section */

/* Begin XCVersionGroup section */
		646B2F1225EC38C200458A02 /* Sports.xcdatamodeld */ = {
			isa = XCVersionGroup;
			children = (
				646B2F1325EC38C200458A02 /* Sports.xcdatamodel */,
			);
			currentVersion = 646B2F1325EC38C200458A02 /* Sports.xcdatamodel */;
			path = Sports.xcdatamodeld;
			sourceTree = "<group>";
			versionGroupType = wrapper.xcdatamodel;
		};
/* End XCVersionGroup section */
	};
	rootObject = 646B2EFE25EC38C100458A02 /* Project object */;
}
